
Microsoft Visual Studio Solution File, Format Version 12.00
# Visual Studio Version 17
VisualStudioVersion = 17.2.32526.322
MinimumVisualStudioVersion = 10.0.40219.1
Project("{FAE04EC0-301F-11D3-BF4B-00C04F79EFBC}") = "CS3750BankApp", "CS3750BankApp\CS3750BankApp.csproj", "{17A34C6F-11F5-494A-9FED-E81DE0CB8371}"
EndProject
Global
	GlobalSection(SolutionConfigurationPlatforms) = preSolution
		Debug|Any CPU = Debug|Any CPU
		Release|Any CPU = Release|Any CPU
	EndGlobalSection
	GlobalSection(ProjectConfigurationPlatforms) = postSolution
		{17A34C6F-11F5-494A-9FED-E81DE0CB8371}.Debug|Any CPU.ActiveCfg = Debug|Any CPU
		{17A34C6F-11F5-494A-9FED-E81DE0CB8371}.Debug|Any CPU.Build.0 = Debug|Any CPU
		{17A34C6F-11F5-494A-9FED-E81DE0CB8371}.Release|Any CPU.ActiveCfg = Release|Any CPU
		{17A34C6F-11F5-494A-9FED-E81DE0CB8371}.Release|Any CPU.Build.0 = Release|Any CPU
	EndGlobalSection
	GlobalSection(SolutionProperties) = preSolution
		HideSolutionNode = FALSE
	EndGlobalSection
	GlobalSection(ExtensibilityGlobals) = postSolution
		SolutionGuid = {05B5FF0E-078F-4B0D-8E69-4CBFF932ECE4}
	EndGlobalSection
EndGlobal
